// !$*UTF8*$!
{
	archiveVersion = 1;
	classes = {
	};
	objectVersion = 46;
	objects = {

/* Begin PBXBuildFile section */
		1882D3B61F70C0BA001812E3 /* main.m in Sources */ = {isa = PBXBuildFile; fileRef = 1882D3B51F70C0BA001812E3 /* main.m */; };
		1882D3B91F70C0BA001812E3 /* AppDelegate.m in Sources */ = {isa = PBXBuildFile; fileRef = 1882D3B81F70C0BA001812E3 /* AppDelegate.m */; };
		1882D3BC1F70C0BA001812E3 /* ViewController.m in Sources */ = {isa = PBXBuildFile; fileRef = 1882D3BB1F70C0BA001812E3 /* ViewController.m */; };
		1882D3BF1F70C0BA001812E3 /* Main.storyboard in Resources */ = {isa = PBXBuildFile; fileRef = 1882D3BD1F70C0BA001812E3 /* Main.storyboard */; };
		1882D3C11F70C0BA001812E3 /* Assets.xcassets in Resources */ = {isa = PBXBuildFile; fileRef = 1882D3C01F70C0BA001812E3 /* Assets.xcassets */; };
		1882D3C41F70C0BA001812E3 /* LaunchScreen.storyboard in Resources */ = {isa = PBXBuildFile; fileRef = 1882D3C21F70C0BA001812E3 /* LaunchScreen.storyboard */; };
		1882D3CF1F70C0BA001812E3 /* FangGongXinTests.m in Sources */ = {isa = PBXBuildFile; fileRef = 1882D3CE1F70C0BA001812E3 /* FangGongXinTests.m */; };
		1882D3DA1F70C0BA001812E3 /* FangGongXinUITests.m in Sources */ = {isa = PBXBuildFile; fileRef = 1882D3D91F70C0BA001812E3 /* FangGongXinUITests.m */; };
		1882D3F51F70EF6E001812E3 /* LoginRegisterController.m in Sources */ = {isa = PBXBuildFile; fileRef = 1882D3F41F70EF6E001812E3 /* LoginRegisterController.m */; };
		18B518061F7246C500459E4E /* FGXTabBarController.m in Sources */ = {isa = PBXBuildFile; fileRef = 18B518051F7246C500459E4E /* FGXTabBarController.m */; };
		18B518091F7246E900459E4E /* FGXNavigationController.m in Sources */ = {isa = PBXBuildFile; fileRef = 18B518081F7246E900459E4E /* FGXNavigationController.m */; };
		18B5181C1F724FD500459E4E /* FGXHomeController.m in Sources */ = {isa = PBXBuildFile; fileRef = 18B5181B1F724FD500459E4E /* FGXHomeController.m */; };
		18B5181F1F72514900459E4E /* FGXMessageController.m in Sources */ = {isa = PBXBuildFile; fileRef = 18B5181E1F72514900459E4E /* FGXMessageController.m */; };
		18B518221F72518A00459E4E /* FGXAgentController.m in Sources */ = {isa = PBXBuildFile; fileRef = 18B518211F72518A00459E4E /* FGXAgentController.m */; };
		18CBF7A11F749FBB0028A0D9 /* realName.storyboard in Resources */ = {isa = PBXBuildFile; fileRef = 18CBF7A01F749FBB0028A0D9 /* realName.storyboard */; };
		18E4D8C51F739FDB007B863E /* FGXMeController.m in Sources */ = {isa = PBXBuildFile; fileRef = 18E4D8AA1F739FDB007B863E /* FGXMeController.m */; };
		18E4D8C61F739FDB007B863E /* FGXAboutController.m in Sources */ = {isa = PBXBuildFile; fileRef = 18E4D8AE1F739FDB007B863E /* FGXAboutController.m */; };
		18E4D8C71F739FDB007B863E /* FGXSettingController.m in Sources */ = {isa = PBXBuildFile; fileRef = 18E4D8B01F739FDB007B863E /* FGXSettingController.m */; };
		18E4D8C81F739FDB007B863E /* FGXSettingController.xib in Resources */ = {isa = PBXBuildFile; fileRef = 18E4D8B11F739FDB007B863E /* FGXSettingController.xib */; };
		18E4D8C91F739FDB007B863E /* FGXPersonalInfoController.m in Sources */ = {isa = PBXBuildFile; fileRef = 18E4D8B41F739FDB007B863E /* FGXPersonalInfoController.m */; };
		18E4D8CA1F739FDB007B863E /* FGXSettingModel.m in Sources */ = {isa = PBXBuildFile; fileRef = 18E4D8B81F739FDB007B863E /* FGXSettingModel.m */; };
		18E4D8CB1F739FDB007B863E /* FGXPersonalInfoModel.m in Sources */ = {isa = PBXBuildFile; fileRef = 18E4D8BB1F739FDB007B863E /* FGXPersonalInfoModel.m */; };
		18E4D8CC1F739FDB007B863E /* FGXSettingCell.m in Sources */ = {isa = PBXBuildFile; fileRef = 18E4D8BF1F739FDB007B863E /* FGXSettingCell.m */; };
		18E4D8CD1F739FDB007B863E /* FGXSettingCell.xib in Resources */ = {isa = PBXBuildFile; fileRef = 18E4D8C01F739FDB007B863E /* FGXSettingCell.xib */; };
		18E4D8CE1F739FDB007B863E /* FGXPersonalInfoCell.m in Sources */ = {isa = PBXBuildFile; fileRef = 18E4D8C31F739FDB007B863E /* FGXPersonalInfoCell.m */; };
		18E4D8CF1F739FDB007B863E /* FGXPersonalInfoCell.xib in Resources */ = {isa = PBXBuildFile; fileRef = 18E4D8C41F739FDB007B863E /* FGXPersonalInfoCell.xib */; };
		18E4D8D41F73B0F2007B863E /* FGXContractController.m in Sources */ = {isa = PBXBuildFile; fileRef = 18E4D8D31F73B0F2007B863E /* FGXContractController.m */; };
		18E4D8D81F73B1DE007B863E /* FGXProcessController.m in Sources */ = {isa = PBXBuildFile; fileRef = 18E4D8D71F73B1DE007B863E /* FGXProcessController.m */; };
		18E4D8E31F73BE70007B863E /* FGXRealNameAuthenticationController.m in Sources */ = {isa = PBXBuildFile; fileRef = 18E4D8E21F73BE70007B863E /* FGXRealNameAuthenticationController.m */; };
		41ADDD5E0250958AD567B980 /* libPods-FangGongXin.a in Frameworks */ = {isa = PBXBuildFile; fileRef = 5B3688071B866E61A8427FC3 /* libPods-FangGongXin.a */; };
/* End PBXBuildFile section */

/* Begin PBXContainerItemProxy section */
		1882D3CB1F70C0BA001812E3 /* PBXContainerItemProxy */ = {
			isa = PBXContainerItemProxy;
			containerPortal = 1882D3A91F70C0BA001812E3 /* Project object */;
			proxyType = 1;
			remoteGlobalIDString = 1882D3B01F70C0BA001812E3;
			remoteInfo = FangGongXin;
		};
		1882D3D61F70C0BA001812E3 /* PBXContainerItemProxy */ = {
			isa = PBXContainerItemProxy;
			containerPortal = 1882D3A91F70C0BA001812E3 /* Project object */;
			proxyType = 1;
			remoteGlobalIDString = 1882D3B01F70C0BA001812E3;
			remoteInfo = FangGongXin;
		};
/* End PBXContainerItemProxy section */

/* Begin PBXFileReference section */
		1882D3B11F70C0BA001812E3 /* FangGongXin.app */ = {isa = PBXFileReference; explicitFileType = wrapper.application; includeInIndex = 0; path = FangGongXin.app; sourceTree = BUILT_PRODUCTS_DIR; };
		1882D3B51F70C0BA001812E3 /* main.m */ = {isa = PBXFileReference; lastKnownFileType = sourcecode.c.objc; path = main.m; sourceTree = "<group>"; };
		1882D3B71F70C0BA001812E3 /* AppDelegate.h */ = {isa = PBXFileReference; lastKnownFileType = sourcecode.c.h; path = AppDelegate.h; sourceTree = "<group>"; };
		1882D3B81F70C0BA001812E3 /* AppDelegate.m */ = {isa = PBXFileReference; lastKnownFileType = sourcecode.c.objc; path = AppDelegate.m; sourceTree = "<group>"; };
		1882D3BA1F70C0BA001812E3 /* ViewController.h */ = {isa = PBXFileReference; lastKnownFileType = sourcecode.c.h; path = ViewController.h; sourceTree = "<group>"; };
		1882D3BB1F70C0BA001812E3 /* ViewController.m */ = {isa = PBXFileReference; lastKnownFileType = sourcecode.c.objc; path = ViewController.m; sourceTree = "<group>"; };
		1882D3BE1F70C0BA001812E3 /* Base */ = {isa = PBXFileReference; lastKnownFileType = file.storyboard; name = Base; path = Base.lproj/Main.storyboard; sourceTree = "<group>"; };
		1882D3C01F70C0BA001812E3 /* Assets.xcassets */ = {isa = PBXFileReference; lastKnownFileType = folder.assetcatalog; path = Assets.xcassets; sourceTree = "<group>"; };
		1882D3C31F70C0BA001812E3 /* Base */ = {isa = PBXFileReference; lastKnownFileType = file.storyboard; name = Base; path = Base.lproj/LaunchScreen.storyboard; sourceTree = "<group>"; };
		1882D3C51F70C0BA001812E3 /* Info.plist */ = {isa = PBXFileReference; lastKnownFileType = text.plist.xml; path = Info.plist; sourceTree = "<group>"; };
		1882D3CA1F70C0BA001812E3 /* FangGongXinTests.xctest */ = {isa = PBXFileReference; explicitFileType = wrapper.cfbundle; includeInIndex = 0; path = FangGongXinTests.xctest; sourceTree = BUILT_PRODUCTS_DIR; };
		1882D3CE1F70C0BA001812E3 /* FangGongXinTests.m */ = {isa = PBXFileReference; lastKnownFileType = sourcecode.c.objc; path = FangGongXinTests.m; sourceTree = "<group>"; };
		1882D3D01F70C0BA001812E3 /* Info.plist */ = {isa = PBXFileReference; lastKnownFileType = text.plist.xml; path = Info.plist; sourceTree = "<group>"; };
		1882D3D51F70C0BA001812E3 /* FangGongXinUITests.xctest */ = {isa = PBXFileReference; explicitFileType = wrapper.cfbundle; includeInIndex = 0; path = FangGongXinUITests.xctest; sourceTree = BUILT_PRODUCTS_DIR; };
		1882D3D91F70C0BA001812E3 /* FangGongXinUITests.m */ = {isa = PBXFileReference; lastKnownFileType = sourcecode.c.objc; path = FangGongXinUITests.m; sourceTree = "<group>"; };
		1882D3DB1F70C0BA001812E3 /* Info.plist */ = {isa = PBXFileReference; lastKnownFileType = text.plist.xml; path = Info.plist; sourceTree = "<group>"; };
		1882D3F31F70EF6E001812E3 /* LoginRegisterController.h */ = {isa = PBXFileReference; fileEncoding = 4; lastKnownFileType = sourcecode.c.h; path = LoginRegisterController.h; sourceTree = "<group>"; };
		1882D3F41F70EF6E001812E3 /* LoginRegisterController.m */ = {isa = PBXFileReference; fileEncoding = 4; lastKnownFileType = sourcecode.c.objc; path = LoginRegisterController.m; sourceTree = "<group>"; };
		1882D3F61F7118B5001812E3 /* fanggongxin.pch */ = {isa = PBXFileReference; fileEncoding = 4; lastKnownFileType = sourcecode.c.h; path = fanggongxin.pch; sourceTree = "<group>"; };
		18B518041F7246C500459E4E /* FGXTabBarController.h */ = {isa = PBXFileReference; fileEncoding = 4; lastKnownFileType = sourcecode.c.h; path = FGXTabBarController.h; sourceTree = "<group>"; };
		18B518051F7246C500459E4E /* FGXTabBarController.m */ = {isa = PBXFileReference; fileEncoding = 4; lastKnownFileType = sourcecode.c.objc; path = FGXTabBarController.m; sourceTree = "<group>"; };
		18B518071F7246E900459E4E /* FGXNavigationController.h */ = {isa = PBXFileReference; fileEncoding = 4; lastKnownFileType = sourcecode.c.h; path = FGXNavigationController.h; sourceTree = "<group>"; };
		18B518081F7246E900459E4E /* FGXNavigationController.m */ = {isa = PBXFileReference; fileEncoding = 4; lastKnownFileType = sourcecode.c.objc; path = FGXNavigationController.m; sourceTree = "<group>"; };
		18B5181A1F724FD500459E4E /* FGXHomeController.h */ = {isa = PBXFileReference; fileEncoding = 4; lastKnownFileType = sourcecode.c.h; path = FGXHomeController.h; sourceTree = "<group>"; };
		18B5181B1F724FD500459E4E /* FGXHomeController.m */ = {isa = PBXFileReference; fileEncoding = 4; lastKnownFileType = sourcecode.c.objc; path = FGXHomeController.m; sourceTree = "<group>"; };
		18B5181D1F72514900459E4E /* FGXMessageController.h */ = {isa = PBXFileReference; fileEncoding = 4; lastKnownFileType = sourcecode.c.h; path = FGXMessageController.h; sourceTree = "<group>"; };
		18B5181E1F72514900459E4E /* FGXMessageController.m */ = {isa = PBXFileReference; fileEncoding = 4; lastKnownFileType = sourcecode.c.objc; path = FGXMessageController.m; sourceTree = "<group>"; };
		18B518201F72518A00459E4E /* FGXAgentController.h */ = {isa = PBXFileReference; fileEncoding = 4; lastKnownFileType = sourcecode.c.h; path = FGXAgentController.h; sourceTree = "<group>"; };
		18B518211F72518A00459E4E /* FGXAgentController.m */ = {isa = PBXFileReference; fileEncoding = 4; lastKnownFileType = sourcecode.c.objc; path = FGXAgentController.m; sourceTree = "<group>"; };
		18CBF7A01F749FBB0028A0D9 /* realName.storyboard */ = {isa = PBXFileReference; fileEncoding = 4; lastKnownFileType = file.storyboard; path = realName.storyboard; sourceTree = "<group>"; };
		18E4D8A91F739FDB007B863E /* FGXMeController.h */ = {isa = PBXFileReference; fileEncoding = 4; lastKnownFileType = sourcecode.c.h; path = FGXMeController.h; sourceTree = "<group>"; };
		18E4D8AA1F739FDB007B863E /* FGXMeController.m */ = {isa = PBXFileReference; fileEncoding = 4; lastKnownFileType = sourcecode.c.objc; path = FGXMeController.m; sourceTree = "<group>"; };
		18E4D8AD1F739FDB007B863E /* FGXAboutController.h */ = {isa = PBXFileReference; fileEncoding = 4; lastKnownFileType = sourcecode.c.h; path = FGXAboutController.h; sourceTree = "<group>"; };
		18E4D8AE1F739FDB007B863E /* FGXAboutController.m */ = {isa = PBXFileReference; fileEncoding = 4; lastKnownFileType = sourcecode.c.objc; path = FGXAboutController.m; sourceTree = "<group>"; };
		18E4D8AF1F739FDB007B863E /* FGXSettingController.h */ = {isa = PBXFileReference; fileEncoding = 4; lastKnownFileType = sourcecode.c.h; path = FGXSettingController.h; sourceTree = "<group>"; };
		18E4D8B01F739FDB007B863E /* FGXSettingController.m */ = {isa = PBXFileReference; fileEncoding = 4; lastKnownFileType = sourcecode.c.objc; path = FGXSettingController.m; sourceTree = "<group>"; };
		18E4D8B11F739FDB007B863E /* FGXSettingController.xib */ = {isa = PBXFileReference; fileEncoding = 4; lastKnownFileType = file.xib; path = FGXSettingController.xib; sourceTree = "<group>"; };
		18E4D8B31F739FDB007B863E /* FGXPersonalInfoController.h */ = {isa = PBXFileReference; fileEncoding = 4; lastKnownFileType = sourcecode.c.h; path = FGXPersonalInfoController.h; sourceTree = "<group>"; };
		18E4D8B41F739FDB007B863E /* FGXPersonalInfoController.m */ = {isa = PBXFileReference; fileEncoding = 4; lastKnownFileType = sourcecode.c.objc; path = FGXPersonalInfoController.m; sourceTree = "<group>"; };
		18E4D8B71F739FDB007B863E /* FGXSettingModel.h */ = {isa = PBXFileReference; fileEncoding = 4; lastKnownFileType = sourcecode.c.h; path = FGXSettingModel.h; sourceTree = "<group>"; };
		18E4D8B81F739FDB007B863E /* FGXSettingModel.m */ = {isa = PBXFileReference; fileEncoding = 4; lastKnownFileType = sourcecode.c.objc; path = FGXSettingModel.m; sourceTree = "<group>"; };
		18E4D8BA1F739FDB007B863E /* FGXPersonalInfoModel.h */ = {isa = PBXFileReference; fileEncoding = 4; lastKnownFileType = sourcecode.c.h; path = FGXPersonalInfoModel.h; sourceTree = "<group>"; };
		18E4D8BB1F739FDB007B863E /* FGXPersonalInfoModel.m */ = {isa = PBXFileReference; fileEncoding = 4; lastKnownFileType = sourcecode.c.objc; path = FGXPersonalInfoModel.m; sourceTree = "<group>"; };
		18E4D8BE1F739FDB007B863E /* FGXSettingCell.h */ = {isa = PBXFileReference; fileEncoding = 4; lastKnownFileType = sourcecode.c.h; path = FGXSettingCell.h; sourceTree = "<group>"; };
		18E4D8BF1F739FDB007B863E /* FGXSettingCell.m */ = {isa = PBXFileReference; fileEncoding = 4; lastKnownFileType = sourcecode.c.objc; path = FGXSettingCell.m; sourceTree = "<group>"; };
		18E4D8C01F739FDB007B863E /* FGXSettingCell.xib */ = {isa = PBXFileReference; fileEncoding = 4; lastKnownFileType = file.xib; path = FGXSettingCell.xib; sourceTree = "<group>"; };
		18E4D8C21F739FDB007B863E /* FGXPersonalInfoCell.h */ = {isa = PBXFileReference; fileEncoding = 4; lastKnownFileType = sourcecode.c.h; path = FGXPersonalInfoCell.h; sourceTree = "<group>"; };
		18E4D8C31F739FDB007B863E /* FGXPersonalInfoCell.m */ = {isa = PBXFileReference; fileEncoding = 4; lastKnownFileType = sourcecode.c.objc; path = FGXPersonalInfoCell.m; sourceTree = "<group>"; };
		18E4D8C41F739FDB007B863E /* FGXPersonalInfoCell.xib */ = {isa = PBXFileReference; fileEncoding = 4; lastKnownFileType = file.xib; path = FGXPersonalInfoCell.xib; sourceTree = "<group>"; };
		18E4D8D21F73B0F2007B863E /* FGXContractController.h */ = {isa = PBXFileReference; fileEncoding = 4; lastKnownFileType = sourcecode.c.h; path = FGXContractController.h; sourceTree = "<group>"; };
		18E4D8D31F73B0F2007B863E /* FGXContractController.m */ = {isa = PBXFileReference; fileEncoding = 4; lastKnownFileType = sourcecode.c.objc; path = FGXContractController.m; sourceTree = "<group>"; };
		18E4D8D61F73B1DE007B863E /* FGXProcessController.h */ = {isa = PBXFileReference; fileEncoding = 4; lastKnownFileType = sourcecode.c.h; path = FGXProcessController.h; sourceTree = "<group>"; };
		18E4D8D71F73B1DE007B863E /* FGXProcessController.m */ = {isa = PBXFileReference; fileEncoding = 4; lastKnownFileType = sourcecode.c.objc; path = FGXProcessController.m; sourceTree = "<group>"; };
		18E4D8E11F73BE70007B863E /* FGXRealNameAuthenticationController.h */ = {isa = PBXFileReference; fileEncoding = 4; lastKnownFileType = sourcecode.c.h; path = FGXRealNameAuthenticationController.h; sourceTree = "<group>"; };
		18E4D8E21F73BE70007B863E /* FGXRealNameAuthenticationController.m */ = {isa = PBXFileReference; fileEncoding = 4; lastKnownFileType = sourcecode.c.objc; path = FGXRealNameAuthenticationController.m; sourceTree = "<group>"; };
		27242A9569848444965DCDA7 /* Pods-FangGongXin.release.xcconfig */ = {isa = PBXFileReference; includeInIndex = 1; lastKnownFileType = text.xcconfig; name = "Pods-FangGongXin.release.xcconfig"; path = "Pods/Target Support Files/Pods-FangGongXin/Pods-FangGongXin.release.xcconfig"; sourceTree = "<group>"; };
		5B3688071B866E61A8427FC3 /* libPods-FangGongXin.a */ = {isa = PBXFileReference; explicitFileType = archive.ar; includeInIndex = 0; path = "libPods-FangGongXin.a"; sourceTree = BUILT_PRODUCTS_DIR; };
		8BA49F0B620F064559F3899C /* Pods-FangGongXin.debug.xcconfig */ = {isa = PBXFileReference; includeInIndex = 1; lastKnownFileType = text.xcconfig; name = "Pods-FangGongXin.debug.xcconfig"; path = "Pods/Target Support Files/Pods-FangGongXin/Pods-FangGongXin.debug.xcconfig"; sourceTree = "<group>"; };
/* End PBXFileReference section */

/* Begin PBXFrameworksBuildPhase section */
		1882D3AE1F70C0BA001812E3 /* Frameworks */ = {
			isa = PBXFrameworksBuildPhase;
			buildActionMask = 2147483647;
			files = (
				41ADDD5E0250958AD567B980 /* libPods-FangGongXin.a in Frameworks */,
			);
			runOnlyForDeploymentPostprocessing = 0;
		};
		1882D3C71F70C0BA001812E3 /* Frameworks */ = {
			isa = PBXFrameworksBuildPhase;
			buildActionMask = 2147483647;
			files = (
			);
			runOnlyForDeploymentPostprocessing = 0;
		};
		1882D3D21F70C0BA001812E3 /* Frameworks */ = {
			isa = PBXFrameworksBuildPhase;
			buildActionMask = 2147483647;
			files = (
			);
			runOnlyForDeploymentPostprocessing = 0;
		};
/* End PBXFrameworksBuildPhase section */

/* Begin PBXGroup section */
		1882D3A81F70C0BA001812E3 = {
			isa = PBXGroup;
			children = (
				1882D3B31F70C0BA001812E3 /* FangGongXin */,
				1882D3CD1F70C0BA001812E3 /* FangGongXinTests */,
				1882D3D81F70C0BA001812E3 /* FangGongXinUITests */,
				1882D3B21F70C0BA001812E3 /* Products */,
				83A2776203E5544CA788CBF2 /* Pods */,
				99D981CC02DE2D2B65ACD10B /* Frameworks */,
			);
			sourceTree = "<group>";
		};
		1882D3B21F70C0BA001812E3 /* Products */ = {
			isa = PBXGroup;
			children = (
				1882D3B11F70C0BA001812E3 /* FangGongXin.app */,
				1882D3CA1F70C0BA001812E3 /* FangGongXinTests.xctest */,
				1882D3D51F70C0BA001812E3 /* FangGongXinUITests.xctest */,
			);
			name = Products;
			sourceTree = "<group>";
		};
		1882D3B31F70C0BA001812E3 /* FangGongXin */ = {
			isa = PBXGroup;
			children = (
				1882D3B71F70C0BA001812E3 /* AppDelegate.h */,
				1882D3B81F70C0BA001812E3 /* AppDelegate.m */,
				1882D3BA1F70C0BA001812E3 /* ViewController.h */,
				1882D3BB1F70C0BA001812E3 /* ViewController.m */,
				1882D3BD1F70C0BA001812E3 /* Main.storyboard */,
				1882D3F61F7118B5001812E3 /* fanggongxin.pch */,
				1882D3E71F70EF13001812E3 /* Classes */,
				1882D3C01F70C0BA001812E3 /* Assets.xcassets */,
				1882D3C21F70C0BA001812E3 /* LaunchScreen.storyboard */,
				1882D3C51F70C0BA001812E3 /* Info.plist */,
				1882D3B41F70C0BA001812E3 /* Supporting Files */,
			);
			path = FangGongXin;
			sourceTree = "<group>";
		};
		1882D3B41F70C0BA001812E3 /* Supporting Files */ = {
			isa = PBXGroup;
			children = (
				1882D3B51F70C0BA001812E3 /* main.m */,
			);
			name = "Supporting Files";
			sourceTree = "<group>";
		};
		1882D3CD1F70C0BA001812E3 /* FangGongXinTests */ = {
			isa = PBXGroup;
			children = (
				1882D3CE1F70C0BA001812E3 /* FangGongXinTests.m */,
				1882D3D01F70C0BA001812E3 /* Info.plist */,
			);
			path = FangGongXinTests;
			sourceTree = "<group>";
		};
		1882D3D81F70C0BA001812E3 /* FangGongXinUITests */ = {
			isa = PBXGroup;
			children = (
				1882D3D91F70C0BA001812E3 /* FangGongXinUITests.m */,
				1882D3DB1F70C0BA001812E3 /* Info.plist */,
			);
			path = FangGongXinUITests;
			sourceTree = "<group>";
		};
		1882D3E71F70EF13001812E3 /* Classes */ = {
			isa = PBXGroup;
			children = (
				18E4D8DA1F73B805007B863E /* Other */,
				18E4D8A71F739FDB007B863E /* Me */,
				18B518161F72486500459E4E /* Home(map) */,
				18B518121F72485C00459E4E /* Message */,
				18B5180E1F72485000459E4E /* Agent */,
				1882D3E81F70EF13001812E3 /* LogReg */,
				1882D3EC1F70EF13001812E3 /* Main */,
			);
			path = Classes;
			sourceTree = "<group>";
		};
		1882D3E81F70EF13001812E3 /* LogReg */ = {
			isa = PBXGroup;
			children = (
				1882D3E91F70EF13001812E3 /* Controller */,
				1882D3EA1F70EF13001812E3 /* Model */,
				1882D3EB1F70EF13001812E3 /* View */,
			);
			path = LogReg;
			sourceTree = "<group>";
		};
		1882D3E91F70EF13001812E3 /* Controller */ = {
			isa = PBXGroup;
			children = (
				1882D3F31F70EF6E001812E3 /* LoginRegisterController.h */,
				1882D3F41F70EF6E001812E3 /* LoginRegisterController.m */,
			);
			path = Controller;
			sourceTree = "<group>";
		};
		1882D3EA1F70EF13001812E3 /* Model */ = {
			isa = PBXGroup;
			children = (
			);
			path = Model;
			sourceTree = "<group>";
		};
		1882D3EB1F70EF13001812E3 /* View */ = {
			isa = PBXGroup;
			children = (
			);
			path = View;
			sourceTree = "<group>";
		};
		1882D3EC1F70EF13001812E3 /* Main */ = {
			isa = PBXGroup;
			children = (
				1882D3ED1F70EF13001812E3 /* Category */,
				1882D3EE1F70EF13001812E3 /* Const */,
				1882D3EF1F70EF13001812E3 /* Controller */,
				1882D3F01F70EF13001812E3 /* Lib */,
				1882D3F11F70EF13001812E3 /* Model */,
				1882D3F21F70EF13001812E3 /* View */,
			);
			path = Main;
			sourceTree = "<group>";
		};
		1882D3ED1F70EF13001812E3 /* Category */ = {
			isa = PBXGroup;
			children = (
			);
			path = Category;
			sourceTree = "<group>";
		};
		1882D3EE1F70EF13001812E3 /* Const */ = {
			isa = PBXGroup;
			children = (
			);
			path = Const;
			sourceTree = "<group>";
		};
		1882D3EF1F70EF13001812E3 /* Controller */ = {
			isa = PBXGroup;
			children = (
				18B518041F7246C500459E4E /* FGXTabBarController.h */,
				18B518051F7246C500459E4E /* FGXTabBarController.m */,
				18B518071F7246E900459E4E /* FGXNavigationController.h */,
				18B518081F7246E900459E4E /* FGXNavigationController.m */,
			);
			path = Controller;
			sourceTree = "<group>";
		};
		1882D3F01F70EF13001812E3 /* Lib */ = {
			isa = PBXGroup;
			children = (
			);
			path = Lib;
			sourceTree = "<group>";
		};
		1882D3F11F70EF13001812E3 /* Model */ = {
			isa = PBXGroup;
			children = (
			);
			path = Model;
			sourceTree = "<group>";
		};
		1882D3F21F70EF13001812E3 /* View */ = {
			isa = PBXGroup;
			children = (
			);
			path = View;
			sourceTree = "<group>";
		};
		18B5180E1F72485000459E4E /* Agent */ = {
			isa = PBXGroup;
			children = (
				18B5180F1F72485000459E4E /* Controller */,
				18B518101F72485000459E4E /* Model */,
				18B518111F72485000459E4E /* View */,
			);
			path = Agent;
			sourceTree = "<group>";
		};
		18B5180F1F72485000459E4E /* Controller */ = {
			isa = PBXGroup;
			children = (
				18B518201F72518A00459E4E /* FGXAgentController.h */,
				18B518211F72518A00459E4E /* FGXAgentController.m */,
			);
			path = Controller;
			sourceTree = "<group>";
		};
		18B518101F72485000459E4E /* Model */ = {
			isa = PBXGroup;
			children = (
			);
			path = Model;
			sourceTree = "<group>";
		};
		18B518111F72485000459E4E /* View */ = {
			isa = PBXGroup;
			children = (
			);
			path = View;
			sourceTree = "<group>";
		};
		18B518121F72485C00459E4E /* Message */ = {
			isa = PBXGroup;
			children = (
				18B518131F72485C00459E4E /* Controller */,
				18B518141F72485C00459E4E /* Model */,
				18B518151F72485C00459E4E /* View */,
			);
			path = Message;
			sourceTree = "<group>";
		};
		18B518131F72485C00459E4E /* Controller */ = {
			isa = PBXGroup;
			children = (
				18B5181D1F72514900459E4E /* FGXMessageController.h */,
				18B5181E1F72514900459E4E /* FGXMessageController.m */,
			);
			path = Controller;
			sourceTree = "<group>";
		};
		18B518141F72485C00459E4E /* Model */ = {
			isa = PBXGroup;
			children = (
			);
			path = Model;
			sourceTree = "<group>";
		};
		18B518151F72485C00459E4E /* View */ = {
			isa = PBXGroup;
			children = (
			);
			path = View;
			sourceTree = "<group>";
		};
		18B518161F72486500459E4E /* Home(map) */ = {
			isa = PBXGroup;
			children = (
				18B518171F72486500459E4E /* Controller */,
				18B518181F72486500459E4E /* Model */,
				18B518191F72486500459E4E /* View */,
			);
			name = "Home(map)";
			path = Home;
			sourceTree = "<group>";
		};
		18B518171F72486500459E4E /* Controller */ = {
			isa = PBXGroup;
			children = (
				18B5181A1F724FD500459E4E /* FGXHomeController.h */,
				18B5181B1F724FD500459E4E /* FGXHomeController.m */,
			);
			path = Controller;
			sourceTree = "<group>";
		};
		18B518181F72486500459E4E /* Model */ = {
			isa = PBXGroup;
			children = (
			);
			path = Model;
			sourceTree = "<group>";
		};
		18B518191F72486500459E4E /* View */ = {
			isa = PBXGroup;
			children = (
			);
			path = View;
			sourceTree = "<group>";
		};
		18E4D8A71F739FDB007B863E /* Me */ = {
			isa = PBXGroup;
			children = (
				18E4D8A81F739FDB007B863E /* Controller */,
				18E4D8B51F739FDB007B863E /* Model */,
				18E4D8BC1F739FDB007B863E /* View */,
			);
			path = Me;
			sourceTree = "<group>";
		};
		18E4D8A81F739FDB007B863E /* Controller */ = {
			isa = PBXGroup;
			children = (
				18E4D8D91F73B540007B863E /* Perfect */,
				18E4D8D51F73B1C9007B863E /* Process */,
				18E4D8D11F73B090007B863E /* Contract */,
				18E4D8A91F739FDB007B863E /* FGXMeController.h */,
				18E4D8AA1F739FDB007B863E /* FGXMeController.m */,
				18E4D8AB1F739FDB007B863E /* SettingController */,
			);
			path = Controller;
			sourceTree = "<group>";
		};
		18E4D8AB1F739FDB007B863E /* SettingController */ = {
			isa = PBXGroup;
			children = (
				18E4D8AC1F739FDB007B863E /* AboutController */,
				18E4D8AF1F739FDB007B863E /* FGXSettingController.h */,
				18E4D8B01F739FDB007B863E /* FGXSettingController.m */,
				18E4D8B11F739FDB007B863E /* FGXSettingController.xib */,
				18E4D8B21F739FDB007B863E /* PersonalController */,
			);
			path = SettingController;
			sourceTree = "<group>";
		};
		18E4D8AC1F739FDB007B863E /* AboutController */ = {
			isa = PBXGroup;
			children = (
				18E4D8AD1F739FDB007B863E /* FGXAboutController.h */,
				18E4D8AE1F739FDB007B863E /* FGXAboutController.m */,
			);
			path = AboutController;
			sourceTree = "<group>";
		};
		18E4D8B21F739FDB007B863E /* PersonalController */ = {
			isa = PBXGroup;
			children = (
				18E4D8B31F739FDB007B863E /* FGXPersonalInfoController.h */,
				18E4D8B41F739FDB007B863E /* FGXPersonalInfoController.m */,
			);
			path = PersonalController;
			sourceTree = "<group>";
		};
		18E4D8B51F739FDB007B863E /* Model */ = {
			isa = PBXGroup;
			children = (
				18E4D8B61F739FDB007B863E /* SettingModel */,
			);
			path = Model;
			sourceTree = "<group>";
		};
		18E4D8B61F739FDB007B863E /* SettingModel */ = {
			isa = PBXGroup;
			children = (
				18E4D8B71F739FDB007B863E /* FGXSettingModel.h */,
				18E4D8B81F739FDB007B863E /* FGXSettingModel.m */,
				18E4D8B91F739FDB007B863E /* PersonalModel */,
			);
			path = SettingModel;
			sourceTree = "<group>";
		};
		18E4D8B91F739FDB007B863E /* PersonalModel */ = {
			isa = PBXGroup;
			children = (
				18E4D8BA1F739FDB007B863E /* FGXPersonalInfoModel.h */,
				18E4D8BB1F739FDB007B863E /* FGXPersonalInfoModel.m */,
			);
			path = PersonalModel;
			sourceTree = "<group>";
		};
		18E4D8BC1F739FDB007B863E /* View */ = {
			isa = PBXGroup;
			children = (
				18E4D8BD1F739FDB007B863E /* SettingCell */,
			);
			path = View;
			sourceTree = "<group>";
		};
		18E4D8BD1F739FDB007B863E /* SettingCell */ = {
			isa = PBXGroup;
			children = (
				18E4D8BE1F739FDB007B863E /* FGXSettingCell.h */,
				18E4D8BF1F739FDB007B863E /* FGXSettingCell.m */,
				18E4D8C01F739FDB007B863E /* FGXSettingCell.xib */,
				18E4D8C11F739FDB007B863E /* PersonalCell */,
			);
			path = SettingCell;
			sourceTree = "<group>";
		};
		18E4D8C11F739FDB007B863E /* PersonalCell */ = {
			isa = PBXGroup;
			children = (
				18E4D8C21F739FDB007B863E /* FGXPersonalInfoCell.h */,
				18E4D8C31F739FDB007B863E /* FGXPersonalInfoCell.m */,
				18E4D8C41F739FDB007B863E /* FGXPersonalInfoCell.xib */,
			);
			path = PersonalCell;
			sourceTree = "<group>";
		};
		18E4D8D11F73B090007B863E /* Contract */ = {
			isa = PBXGroup;
			children = (
				18E4D8D21F73B0F2007B863E /* FGXContractController.h */,
				18E4D8D31F73B0F2007B863E /* FGXContractController.m */,
			);
			path = Contract;
			sourceTree = "<group>";
		};
		18E4D8D51F73B1C9007B863E /* Process */ = {
			isa = PBXGroup;
			children = (
				18E4D8D61F73B1DE007B863E /* FGXProcessController.h */,
				18E4D8D71F73B1DE007B863E /* FGXProcessController.m */,
			);
			path = Process;
			sourceTree = "<group>";
		};
		18E4D8D91F73B540007B863E /* Perfect */ = {
			isa = PBXGroup;
			children = (
			);
			path = Perfect;
			sourceTree = "<group>";
		};
		18E4D8DA1F73B805007B863E /* Other */ = {
			isa = PBXGroup;
			children = (
				18E4D8DB1F73B805007B863E /* Controller */,
				18E4D8DC1F73B805007B863E /* Model */,
				18E4D8DD1F73B805007B863E /* View */,
			);
			path = Other;
			sourceTree = "<group>";
		};
		18E4D8DB1F73B805007B863E /* Controller */ = {
			isa = PBXGroup;
			children = (
				18E4D8DE1F73B8AF007B863E /* AgentCertification */,
				18E4D8DF1F73B8AF007B863E /* PhoneBinding */,
				18E4D8E01F73B8AF007B863E /* Real-nameAuthentication */,
			);
			path = Controller;
			sourceTree = "<group>";
		};
		18E4D8DC1F73B805007B863E /* Model */ = {
			isa = PBXGroup;
			children = (
			);
			path = Model;
			sourceTree = "<group>";
		};
		18E4D8DD1F73B805007B863E /* View */ = {
			isa = PBXGroup;
			children = (
			);
			path = View;
			sourceTree = "<group>";
		};
		18E4D8DE1F73B8AF007B863E /* AgentCertification */ = {
			isa = PBXGroup;
			children = (
			);
			path = AgentCertification;
			sourceTree = "<group>";
		};
		18E4D8DF1F73B8AF007B863E /* PhoneBinding */ = {
			isa = PBXGroup;
			children = (
			);
			path = PhoneBinding;
			sourceTree = "<group>";
		};
		18E4D8E01F73B8AF007B863E /* Real-nameAuthentication */ = {
			isa = PBXGroup;
			children = (
				18E4D8E11F73BE70007B863E /* FGXRealNameAuthenticationController.h */,
				18E4D8E21F73BE70007B863E /* FGXRealNameAuthenticationController.m */,
				18CBF7A01F749FBB0028A0D9 /* realName.storyboard */,
			);
			path = "Real-nameAuthentication";
			sourceTree = "<group>";
		};
		83A2776203E5544CA788CBF2 /* Pods */ = {
			isa = PBXGroup;
			children = (
				8BA49F0B620F064559F3899C /* Pods-FangGongXin.debug.xcconfig */,
				27242A9569848444965DCDA7 /* Pods-FangGongXin.release.xcconfig */,
			);
			name = Pods;
			sourceTree = "<group>";
		};
		99D981CC02DE2D2B65ACD10B /* Frameworks */ = {
			isa = PBXGroup;
			children = (
				5B3688071B866E61A8427FC3 /* libPods-FangGongXin.a */,
			);
			name = Frameworks;
			sourceTree = "<group>";
		};
/* End PBXGroup section */

/* Begin PBXNativeTarget section */
		1882D3B01F70C0BA001812E3 /* FangGongXin */ = {
			isa = PBXNativeTarget;
			buildConfigurationList = 1882D3DE1F70C0BA001812E3 /* Build configuration list for PBXNativeTarget "FangGongXin" */;
			buildPhases = (
				0B369443EF928B40713D1519 /* [CP] Check Pods Manifest.lock */,
				1882D3AD1F70C0BA001812E3 /* Sources */,
				1882D3AE1F70C0BA001812E3 /* Frameworks */,
				1882D3AF1F70C0BA001812E3 /* Resources */,
				4531105F8EC67266F4A4676E /* [CP] Embed Pods Frameworks */,
				152D2882674E3CF0B29B9B7F /* [CP] Copy Pods Resources */,
			);
			buildRules = (
			);
			dependencies = (
			);
			name = FangGongXin;
			productName = FangGongXin;
			productReference = 1882D3B11F70C0BA001812E3 /* FangGongXin.app */;
			productType = "com.apple.product-type.application";
		};
		1882D3C91F70C0BA001812E3 /* FangGongXinTests */ = {
			isa = PBXNativeTarget;
			buildConfigurationList = 1882D3E11F70C0BA001812E3 /* Build configuration list for PBXNativeTarget "FangGongXinTests" */;
			buildPhases = (
				1882D3C61F70C0BA001812E3 /* Sources */,
				1882D3C71F70C0BA001812E3 /* Frameworks */,
				1882D3C81F70C0BA001812E3 /* Resources */,
			);
			buildRules = (
			);
			dependencies = (
				1882D3CC1F70C0BA001812E3 /* PBXTargetDependency */,
			);
			name = FangGongXinTests;
			productName = FangGongXinTests;
			productReference = 1882D3CA1F70C0BA001812E3 /* FangGongXinTests.xctest */;
			productType = "com.apple.product-type.bundle.unit-test";
		};
		1882D3D41F70C0BA001812E3 /* FangGongXinUITests */ = {
			isa = PBXNativeTarget;
			buildConfigurationList = 1882D3E41F70C0BA001812E3 /* Build configuration list for PBXNativeTarget "FangGongXinUITests" */;
			buildPhases = (
				1882D3D11F70C0BA001812E3 /* Sources */,
				1882D3D21F70C0BA001812E3 /* Frameworks */,
				1882D3D31F70C0BA001812E3 /* Resources */,
			);
			buildRules = (
			);
			dependencies = (
				1882D3D71F70C0BA001812E3 /* PBXTargetDependency */,
			);
			name = FangGongXinUITests;
			productName = FangGongXinUITests;
			productReference = 1882D3D51F70C0BA001812E3 /* FangGongXinUITests.xctest */;
			productType = "com.apple.product-type.bundle.ui-testing";
		};
/* End PBXNativeTarget section */

/* Begin PBXProject section */
		1882D3A91F70C0BA001812E3 /* Project object */ = {
			isa = PBXProject;
			attributes = {
				CLASSPREFIX = FGX;
				LastUpgradeCheck = 0830;
				ORGANIZATIONNAME = YaLeTeCh;
				TargetAttributes = {
					1882D3B01F70C0BA001812E3 = {
						CreatedOnToolsVersion = 8.3.3;
						DevelopmentTeam = 363VLMZMY4;
						ProvisioningStyle = Automatic;
					};
					1882D3C91F70C0BA001812E3 = {
						CreatedOnToolsVersion = 8.3.3;
						DevelopmentTeam = 363VLMZMY4;
						ProvisioningStyle = Automatic;
						TestTargetID = 1882D3B01F70C0BA001812E3;
					};
					1882D3D41F70C0BA001812E3 = {
						CreatedOnToolsVersion = 8.3.3;
						DevelopmentTeam = 363VLMZMY4;
						ProvisioningStyle = Automatic;
						TestTargetID = 1882D3B01F70C0BA001812E3;
					};
				};
			};
			buildConfigurationList = 1882D3AC1F70C0BA001812E3 /* Build configuration list for PBXProject "FangGongXin" */;
			compatibilityVersion = "Xcode 3.2";
			developmentRegion = English;
			hasScannedForEncodings = 0;
			knownRegions = (
				en,
				Base,
			);
			mainGroup = 1882D3A81F70C0BA001812E3;
			productRefGroup = 1882D3B21F70C0BA001812E3 /* Products */;
			projectDirPath = "";
			projectRoot = "";
			targets = (
				1882D3B01F70C0BA001812E3 /* FangGongXin */,
				1882D3C91F70C0BA001812E3 /* FangGongXinTests */,
				1882D3D41F70C0BA001812E3 /* FangGongXinUITests */,
			);
		};
/* End PBXProject section */

/* Begin PBXResourcesBuildPhase section */
		1882D3AF1F70C0BA001812E3 /* Resources */ = {
			isa = PBXResourcesBuildPhase;
			buildActionMask = 2147483647;
			files = (
				18E4D8C81F739FDB007B863E /* FGXSettingController.xib in Resources */,
				18CBF7A11F749FBB0028A0D9 /* realName.storyboard in Resources */,
				18E4D8CF1F739FDB007B863E /* FGXPersonalInfoCell.xib in Resources */,
				1882D3C41F70C0BA001812E3 /* LaunchScreen.storyboard in Resources */,
				1882D3C11F70C0BA001812E3 /* Assets.xcassets in Resources */,
				18E4D8CD1F739FDB007B863E /* FGXSettingCell.xib in Resources */,
				1882D3BF1F70C0BA001812E3 /* Main.storyboard in Resources */,
			);
			runOnlyForDeploymentPostprocessing = 0;
		};
		1882D3C81F70C0BA001812E3 /* Resources */ = {
			isa = PBXResourcesBuildPhase;
			buildActionMask = 2147483647;
			files = (
			);
			runOnlyForDeploymentPostprocessing = 0;
		};
		1882D3D31F70C0BA001812E3 /* Resources */ = {
			isa = PBXResourcesBuildPhase;
			buildActionMask = 2147483647;
			files = (
			);
			runOnlyForDeploymentPostprocessing = 0;
		};
/* End PBXResourcesBuildPhase section */

/* Begin PBXShellScriptBuildPhase section */
		0B369443EF928B40713D1519 /* [CP] Check Pods Manifest.lock */ = {
			isa = PBXShellScriptBuildPhase;
			buildActionMask = 2147483647;
			files = (
			);
			inputPaths = (
			);
			name = "[CP] Check Pods Manifest.lock";
			outputPaths = (
			);
			runOnlyForDeploymentPostprocessing = 0;
			shellPath = /bin/sh;
			shellScript = "diff \"${PODS_ROOT}/../Podfile.lock\" \"${PODS_ROOT}/Manifest.lock\" > /dev/null\nif [ $? != 0 ] ; then\n    # print error to STDERR\n    echo \"error: The sandbox is not in sync with the Podfile.lock. Run 'pod install' or update your CocoaPods installation.\" >&2\n    exit 1\nfi\n";
			showEnvVarsInLog = 0;
		};
		152D2882674E3CF0B29B9B7F /* [CP] Copy Pods Resources */ = {
			isa = PBXShellScriptBuildPhase;
			buildActionMask = 2147483647;
			files = (
			);
			inputPaths = (
			);
			name = "[CP] Copy Pods Resources";
			outputPaths = (
			);
			runOnlyForDeploymentPostprocessing = 0;
			shellPath = /bin/sh;
			shellScript = "\"${SRCROOT}/Pods/Target Support Files/Pods-FangGongXin/Pods-FangGongXin-resources.sh\"\n";
			showEnvVarsInLog = 0;
		};
		4531105F8EC67266F4A4676E /* [CP] Embed Pods Frameworks */ = {
			isa = PBXShellScriptBuildPhase;
			buildActionMask = 2147483647;
			files = (
			);
			inputPaths = (
			);
			name = "[CP] Embed Pods Frameworks";
			outputPaths = (
			);
			runOnlyForDeploymentPostprocessing = 0;
			shellPath = /bin/sh;
			shellScript = "\"${SRCROOT}/Pods/Target Support Files/Pods-FangGongXin/Pods-FangGongXin-frameworks.sh\"\n";
			showEnvVarsInLog = 0;
		};
/* End PBXShellScriptBuildPhase section */

/* Begin PBXSourcesBuildPhase section */
		1882D3AD1F70C0BA001812E3 /* Sources */ = {
			isa = PBXSourcesBuildPhase;
			buildActionMask = 2147483647;
			files = (
				18E4D8C91F739FDB007B863E /* FGXPersonalInfoController.m in Sources */,
				18E4D8CE1F739FDB007B863E /* FGXPersonalInfoCell.m in Sources */,
				1882D3BC1F70C0BA001812E3 /* ViewController.m in Sources */,
				1882D3B91F70C0BA001812E3 /* AppDelegate.m in Sources */,
				18B5181C1F724FD500459E4E /* FGXHomeController.m in Sources */,
				18B518061F7246C500459E4E /* FGXTabBarController.m in Sources */,
				18E4D8CB1F739FDB007B863E /* FGXPersonalInfoModel.m in Sources */,
				1882D3F51F70EF6E001812E3 /* LoginRegisterController.m in Sources */,
				1882D3B61F70C0BA001812E3 /* main.m in Sources */,
				18E4D8D41F73B0F2007B863E /* FGXContractController.m in Sources */,
				18E4D8E31F73BE70007B863E /* FGXRealNameAuthenticationController.m in Sources */,
				18B518091F7246E900459E4E /* FGXNavigationController.m in Sources */,
				18E4D8C61F739FDB007B863E /* FGXAboutController.m in Sources */,
				18E4D8C71F739FDB007B863E /* FGXSettingController.m in Sources */,
				18E4D8CA1F739FDB007B863E /* FGXSettingModel.m in Sources */,
				18E4D8D81F73B1DE007B863E /* FGXProcessController.m in Sources */,
				18B5181F1F72514900459E4E /* FGXMessageController.m in Sources */,
				18B518221F72518A00459E4E /* FGXAgentController.m in Sources */,
				18E4D8CC1F739FDB007B863E /* FGXSettingCell.m in Sources */,
				18E4D8C51F739FDB007B863E /* FGXMeController.m in Sources */,
			);
			runOnlyForDeploymentPostprocessing = 0;
		};
		1882D3C61F70C0BA001812E3 /* Sources */ = {
			isa = PBXSourcesBuildPhase;
			buildActionMask = 2147483647;
			files = (
				1882D3CF1F70C0BA001812E3 /* FangGongXinTests.m in Sources */,
			);
			runOnlyForDeploymentPostprocessing = 0;
		};
		1882D3D11F70C0BA001812E3 /* Sources */ = {
			isa = PBXSourcesBuildPhase;
			buildActionMask = 2147483647;
			files = (
				1882D3DA1F70C0BA001812E3 /* FangGongXinUITests.m in Sources */,
			);
			runOnlyForDeploymentPostprocessing = 0;
		};
/* End PBXSourcesBuildPhase section */

/* Begin PBXTargetDependency section */
		1882D3CC1F70C0BA001812E3 /* PBXTargetDependency */ = {
			isa = PBXTargetDependency;
			target = 1882D3B01F70C0BA001812E3 /* FangGongXin */;
			targetProxy = 1882D3CB1F70C0BA001812E3 /* PBXContainerItemProxy */;
		};
		1882D3D71F70C0BA001812E3 /* PBXTargetDependency */ = {
			isa = PBXTargetDependency;
			target = 1882D3B01F70C0BA001812E3 /* FangGongXin */;
			targetProxy = 1882D3D61F70C0BA001812E3 /* PBXContainerItemProxy */;
		};
/* End PBXTargetDependency section */

/* Begin PBXVariantGroup section */
		1882D3BD1F70C0BA001812E3 /* Main.storyboard */ = {
			isa = PBXVariantGroup;
			children = (
				1882D3BE1F70C0BA001812E3 /* Base */,
			);
			name = Main.storyboard;
			sourceTree = "<group>";
		};
		1882D3C21F70C0BA001812E3 /* LaunchScreen.storyboard */ = {
			isa = PBXVariantGroup;
			children = (
				1882D3C31F70C0BA001812E3 /* Base */,
			);
			name = LaunchScreen.storyboard;
			sourceTree = "<group>";
		};
/* End PBXVariantGroup section */

/* Begin XCBuildConfiguration section */
		1882D3DC1F70C0BA001812E3 /* Debug */ = {
			isa = XCBuildConfiguration;
			buildSettings = {
				ALWAYS_SEARCH_USER_PATHS = NO;
				CLANG_ANALYZER_NONNULL = YES;
				CLANG_ANALYZER_NUMBER_OBJECT_CONVERSION = YES_AGGRESSIVE;
				CLANG_CXX_LANGUAGE_STANDARD = "gnu++0x";
				CLANG_CXX_LIBRARY = "libc++";
				CLANG_ENABLE_MODULES = YES;
				CLANG_ENABLE_OBJC_ARC = YES;
				CLANG_WARN_BOOL_CONVERSION = YES;
				CLANG_WARN_CONSTANT_CONVERSION = YES;
				CLANG_WARN_DIRECT_OBJC_ISA_USAGE = YES_ERROR;
				CLANG_WARN_DOCUMENTATION_COMMENTS = YES;
				CLANG_WARN_EMPTY_BODY = YES;
				CLANG_WARN_ENUM_CONVERSION = YES;
				CLANG_WARN_INFINITE_RECURSION = YES;
				CLANG_WARN_INT_CONVERSION = YES;
				CLANG_WARN_OBJC_ROOT_CLASS = YES_ERROR;
				CLANG_WARN_SUSPICIOUS_MOVE = YES;
				CLANG_WARN_UNREACHABLE_CODE = YES;
				CLANG_WARN__DUPLICATE_METHOD_MATCH = YES;
				"CODE_SIGN_IDENTITY[sdk=iphoneos*]" = "iPhone Developer";
				COPY_PHASE_STRIP = NO;
				DEBUG_INFORMATION_FORMAT = dwarf;
				ENABLE_STRICT_OBJC_MSGSEND = YES;
				ENABLE_TESTABILITY = YES;
				GCC_C_LANGUAGE_STANDARD = gnu99;
				GCC_DYNAMIC_NO_PIC = NO;
				GCC_NO_COMMON_BLOCKS = YES;
				GCC_OPTIMIZATION_LEVEL = 0;
				GCC_PREPROCESSOR_DEFINITIONS = (
					"DEBUG=1",
					"$(inherited)",
				);
				GCC_WARN_64_TO_32_BIT_CONVERSION = YES;
				GCC_WARN_ABOUT_RETURN_TYPE = YES_ERROR;
				GCC_WARN_UNDECLARED_SELECTOR = YES;
				GCC_WARN_UNINITIALIZED_AUTOS = YES_AGGRESSIVE;
				GCC_WARN_UNUSED_FUNCTION = YES;
				GCC_WARN_UNUSED_VARIABLE = YES;
				IPHONEOS_DEPLOYMENT_TARGET = 10.3;
				MTL_ENABLE_DEBUG_INFO = YES;
				ONLY_ACTIVE_ARCH = YES;
				SDKROOT = iphoneos;
			};
			name = Debug;
		};
		1882D3DD1F70C0BA001812E3 /* Release */ = {
			isa = XCBuildConfiguration;
			buildSettings = {
				ALWAYS_SEARCH_USER_PATHS = NO;
				CLANG_ANALYZER_NONNULL = YES;
				CLANG_ANALYZER_NUMBER_OBJECT_CONVERSION = YES_AGGRESSIVE;
				CLANG_CXX_LANGUAGE_STANDARD = "gnu++0x";
				CLANG_CXX_LIBRARY = "libc++";
				CLANG_ENABLE_MODULES = YES;
				CLANG_ENABLE_OBJC_ARC = YES;
				CLANG_WARN_BOOL_CONVERSION = YES;
				CLANG_WARN_CONSTANT_CONVERSION = YES;
				CLANG_WARN_DIRECT_OBJC_ISA_USAGE = YES_ERROR;
				CLANG_WARN_DOCUMENTATION_COMMENTS = YES;
				CLANG_WARN_EMPTY_BODY = YES;
				CLANG_WARN_ENUM_CONVERSION = YES;
				CLANG_WARN_INFINITE_RECURSION = YES;
				CLANG_WARN_INT_CONVERSION = YES;
				CLANG_WARN_OBJC_ROOT_CLASS = YES_ERROR;
				CLANG_WARN_SUSPICIOUS_MOVE = YES;
				CLANG_WARN_UNREACHABLE_CODE = YES;
				CLANG_WARN__DUPLICATE_METHOD_MATCH = YES;
				"CODE_SIGN_IDENTITY[sdk=iphoneos*]" = "iPhone Developer";
				COPY_PHASE_STRIP = NO;
				DEBUG_INFORMATION_FORMAT = "dwarf-with-dsym";
				ENABLE_NS_ASSERTIONS = NO;
				ENABLE_STRICT_OBJC_MSGSEND = YES;
				GCC_C_LANGUAGE_STANDARD = gnu99;
				GCC_NO_COMMON_BLOCKS = YES;
				GCC_WARN_64_TO_32_BIT_CONVERSION = YES;
				GCC_WARN_ABOUT_RETURN_TYPE = YES_ERROR;
				GCC_WARN_UNDECLARED_SELECTOR = YES;
				GCC_WARN_UNINITIALIZED_AUTOS = YES_AGGRESSIVE;
				GCC_WARN_UNUSED_FUNCTION = YES;
				GCC_WARN_UNUSED_VARIABLE = YES;
				IPHONEOS_DEPLOYMENT_TARGET = 10.3;
				MTL_ENABLE_DEBUG_INFO = NO;
				SDKROOT = iphoneos;
				VALIDATE_PRODUCT = YES;
			};
			name = Release;
		};
		1882D3DF1F70C0BA001812E3 /* Debug */ = {
			isa = XCBuildConfiguration;
			baseConfigurationReference = 8BA49F0B620F064559F3899C /* Pods-FangGongXin.debug.xcconfig */;
			buildSettings = {
				ASSETCATALOG_COMPILER_APPICON_NAME = AppIcon;
				DEVELOPMENT_TEAM = 363VLMZMY4;
				GCC_PREFIX_HEADER = "$(SRCROOT)/FangGongXin/fanggongxin.pch";
				INFOPLIST_FILE = FangGongXin/Info.plist;
				LD_RUNPATH_SEARCH_PATHS = "$(inherited) @executable_path/Frameworks";
				PRODUCT_BUNDLE_IDENTIFIER = YLTC.FangGongXin;
				PRODUCT_NAME = "$(TARGET_NAME)";
			};
			name = Debug;
		};
		1882D3E01F70C0BA001812E3 /* Release */ = {
			isa = XCBuildConfiguration;
			baseConfigurationReference = 27242A9569848444965DCDA7 /* Pods-FangGongXin.release.xcconfig */;
			buildSettings = {
				ASSETCATALOG_COMPILER_APPICON_NAME = AppIcon;
				DEVELOPMENT_TEAM = 363VLMZMY4;
				GCC_PREFIX_HEADER = "$(SRCROOT)/FangGongXin/fanggongxin.pch";
				INFOPLIST_FILE = FangGongXin/Info.plist;
				LD_RUNPATH_SEARCH_PATHS = "$(inherited) @executable_path/Frameworks";
				PRODUCT_BUNDLE_IDENTIFIER = YLTC.FangGongXin;
				PRODUCT_NAME = "$(TARGET_NAME)";
			};
			name = Release;
		};
		1882D3E21F70C0BA001812E3 /* Debug */ = {
			isa = XCBuildConfiguration;
			buildSettings = {
				BUNDLE_LOADER = "$(TEST_HOST)";
				DEVELOPMENT_TEAM = 363VLMZMY4;
				INFOPLIST_FILE = FangGongXinTests/Info.plist;
				LD_RUNPATH_SEARCH_PATHS = "$(inherited) @executable_path/Frameworks @loader_path/Frameworks";
				PRODUCT_BUNDLE_IDENTIFIER = YLTC.FangGongXinTests;
				PRODUCT_NAME = "$(TARGET_NAME)";
				TEST_HOST = "$(BUILT_PRODUCTS_DIR)/FangGongXin.app/FangGongXin";
			};
			name = Debug;
		};
		1882D3E31F70C0BA001812E3 /* Release */ = {
			isa = XCBuildConfiguration;
			buildSettings = {
				BUNDLE_LOADER = "$(TEST_HOST)";
				DEVELOPMENT_TEAM = 363VLMZMY4;
				INFOPLIST_FILE = FangGongXinTests/Info.plist;
				LD_RUNPATH_SEARCH_PATHS = "$(inherited) @executable_path/Frameworks @loader_path/Frameworks";
				PRODUCT_BUNDLE_IDENTIFIER = YLTC.FangGongXinTests;
				PRODUCT_NAME = "$(TARGET_NAME)";
				TEST_HOST = "$(BUILT_PRODUCTS_DIR)/FangGongXin.app/FangGongXin";
			};
			name = Release;
		};
		1882D3E51F70C0BA001812E3 /* Debug */ = {
			isa = XCBuildConfiguration;
			buildSettings = {
				DEVELOPMENT_TEAM = 363VLMZMY4;
				INFOPLIST_FILE = FangGongXinUITests/Info.plist;
				LD_RUNPATH_SEARCH_PATHS = "$(inherited) @executable_path/Frameworks @loader_path/Frameworks";
				PRODUCT_BUNDLE_IDENTIFIER = YLTC.FangGongXinUITests;
				PRODUCT_NAME = "$(TARGET_NAME)";
				TEST_TARGET_NAME = FangGongXin;
			};
			name = Debug;
		};
		1882D3E61F70C0BA001812E3 /* Release */ = {
			isa = XCBuildConfiguration;
			buildSettings = {
				DEVELOPMENT_TEAM = 363VLMZMY4;
				INFOPLIST_FILE = FangGongXinUITests/Info.plist;
				LD_RUNPATH_SEARCH_PATHS = "$(inherited) @executable_path/Frameworks @loader_path/Frameworks";
				PRODUCT_BUNDLE_IDENTIFIER = YLTC.FangGongXinUITests;
				PRODUCT_NAME = "$(TARGET_NAME)";
				TEST_TARGET_NAME = FangGongXin;
			};
			name = Release;
		};
/* End XCBuildConfiguration section */

/* Begin XCConfigurationList section */
		1882D3AC1F70C0BA001812E3 /* Build configuration list for PBXProject "FangGongXin" */ = {
			isa = XCConfigurationList;
			buildConfigurations = (
				1882D3DC1F70C0BA001812E3 /* Debug */,
				1882D3DD1F70C0BA001812E3 /* Release */,
			);
			defaultConfigurationIsVisible = 0;
			defaultConfigurationName = Release;
		};
		1882D3DE1F70C0BA001812E3 /* Build configuration list for PBXNativeTarget "FangGongXin" */ = {
			isa = XCConfigurationList;
			buildConfigurations = (
				1882D3DF1F70C0BA001812E3 /* Debug */,
				1882D3E01F70C0BA001812E3 /* Release */,
			);
			defaultConfigurationIsVisible = 0;
			defaultConfigurationName = Release;
		};
		1882D3E11F70C0BA001812E3 /* Build configuration list for PBXNativeTarget "FangGongXinTests" */ = {
			isa = XCConfigurationList;
			buildConfigurations = (
				1882D3E21F70C0BA001812E3 /* Debug */,
				1882D3E31F70C0BA001812E3 /* Release */,
			);
			defaultConfigurationIsVisible = 0;
			defaultConfigurationName = Release;
		};
		1882D3E41F70C0BA001812E3 /* Build configuration list for PBXNativeTarget "FangGongXinUITests" */ = {
			isa = XCConfigurationList;
			buildConfigurations = (
				1882D3E51F70C0BA001812E3 /* Debug */,
				1882D3E61F70C0BA001812E3 /* Release */,
			);
			defaultConfigurationIsVisible = 0;
			defaultConfigurationName = Release;
		};
/* End XCConfigurationList section */
	};
	rootObject = 1882D3A91F70C0BA001812E3 /* Project object */;
}
